Microsoft Visual Studio Solution File, Format Version 12.00
# Visual Studio Version 17
VisualStudioVersion = 17.5.2.0
MinimumVisualStudioVersion = 10.0.40219.1
Project("{FAE04EC0-301F-11D3-BF4B-00C04F79EFBC}") = "import-costs-api", "import-costs-api\import-costs-api.csproj", "{E0A0E715-F07C-8694-F3C6-76AB725D2FB0}"
EndProject
Global
	GlobalSection(SolutionConfigurationPlatforms) = preSolution
		Debug|Any CPU = Debug|Any CPU
		Release|Any CPU = Release|Any CPU
	EndGlobalSection
	GlobalSection(ProjectConfigurationPlatforms) = postSolution
		{E0A0E715-F07C-8694-F3C6-76AB725D2FB0}.Debug|Any CPU.ActiveCfg = Debug|Any CPU
		{E0A0E715-F07C-8694-F3C6-76AB725D2FB0}.Debug|Any CPU.Build.0 = Debug|Any CPU
		{E0A0E715-F07C-8694-F3C6-76AB725D2FB0}.Release|Any CPU.ActiveCfg = Release|Any CPU
		{E0A0E715-F07C-8694-F3C6-76AB725D2FB0}.Release|Any CPU.Build.0 = Release|Any CPU
	EndGlobalSection
	GlobalSection(SolutionProperties) = preSolution
		HideSolutionNode = FALSE
	EndGlobalSection
	GlobalSection(ExtensibilityGlobals) = postSolution
		SolutionGuid = {C205ACCA-509B-4FE4-9410-A431DA9E1D00}
	EndGlobalSection
EndGlobal
