Microsoft Visual Studio Solution File, Format Version 12.00
# Visual Studio Version 17
VisualStudioVersion = 17.5.2.0
MinimumVisualStudioVersion = 10.0.40219.1
Project("{FAE04EC0-301F-11D3-BF4B-00C04F79EFBC}") = "comex133_api", "comex133_api\comex133_api.csproj", "{C8BD4958-E5B4-A945-6C97-F846D0F0F66D}"
EndProject
Global
	GlobalSection(SolutionConfigurationPlatforms) = preSolution
		Debug|Any CPU = Debug|Any CPU
		Release|Any CPU = Release|Any CPU
	EndGlobalSection
	GlobalSection(ProjectConfigurationPlatforms) = postSolution
		{C8BD4958-E5B4-A945-6C97-F846D0F0F66D}.Debug|Any CPU.ActiveCfg = Debug|Any CPU
		{C8BD4958-E5B4-A945-6C97-F846D0F0F66D}.Debug|Any CPU.Build.0 = Debug|Any CPU
		{C8BD4958-E5B4-A945-6C97-F846D0F0F66D}.Release|Any CPU.ActiveCfg = Release|Any CPU
		{C8BD4958-E5B4-A945-6C97-F846D0F0F66D}.Release|Any CPU.Build.0 = Release|Any CPU
	EndGlobalSection
	GlobalSection(SolutionProperties) = preSolution
		HideSolutionNode = FALSE
	EndGlobalSection
	GlobalSection(ExtensibilityGlobals) = postSolution
		SolutionGuid = {DBFFEDA2-6997-4B69-A899-60D9556FF758}
	EndGlobalSection
EndGlobal
